// !$*UTF8*$!
{
	archiveVersion = 1;
	classes = {
	};
	objectVersion = 77;
	objects = {

/* Begin PBXContainerItemProxy section */
		269082422EAC2C3C0080F458 /* PBXContainerItemProxy */ = {
			isa = PBXContainerItemProxy;
			containerPortal = 2690822A2EAC2C3B0080F458 /* Project object */;
			proxyType = 1;
			remoteGlobalIDString = 269082312EAC2C3B0080F458;
			remoteInfo = HealthTracker;
		};
		2690824C2EAC2C3C0080F458 /* PBXContainerItemProxy */ = {
			isa = PBXContainerItemProxy;
			containerPortal = 2690822A2EAC2C3B0080F458 /* Project object */;
			proxyType = 1;
			remoteGlobalIDString = 269082312EAC2C3B0080F458;
			remoteInfo = HealthTracker;
		};
/* End PBXContainerItemProxy section */

/* Begin PBXFileReference section */
		269082322EAC2C3B0080F458 /* HealthTracker.app */ = {isa = PBXFileReference; explicitFileType = wrapper.application; includeInIndex = 0; path = HealthTracker.app; sourceTree = BUILT_PRODUCTS_DIR; };
		269082412EAC2C3C0080F458 /* HealthTrackerTests.xctest */ = {isa = PBXFileReference; explicitFileType = wrapper.cfbundle; includeInIndex = 0; path = HealthTrackerTests.xctest; sourceTree = BUILT_PRODUCTS_DIR; };
		2690824B2EAC2C3C0080F458 /* HealthTrackerUITests.xctest */ = {isa = PBXFileReference; explicitFileType = wrapper.cfbundle; includeInIndex = 0; path = HealthTrackerUITests.xctest; sourceTree = BUILT_PRODUCTS_DIR; };
/* End PBXFileReference section */

/* Begin PBXFileSystemSynchronizedBuildFileExceptionSet section */
		26A2334D2ED6711C000478A6 /* Exceptions for "HealthTracker" folder in "HealthTrackerTests" target */ = {
			isa = PBXFileSystemSynchronizedBuildFileExceptionSet;
			membershipExceptions = (
				HealthKitDataManager.swift,
				Schemas/SatisfactionEntry.swift,
			);
			target = 269082402EAC2C3C0080F458 /* HealthTrackerTests */;
		};
		26A233502ED6A423000478A6 /* Exceptions for "HealthTrackerTests" folder in "HealthTracker" target */ = {
			isa = PBXFileSystemSynchronizedBuildFileExceptionSet;
			membershipExceptions = (
				SampleData.json,
			);
			target = 269082312EAC2C3B0080F458 /* HealthTracker */;
		};
/* End PBXFileSystemSynchronizedBuildFileExceptionSet section */

/* Begin PBXFileSystemSynchronizedRootGroup section */
		269082342EAC2C3B0080F458 /* HealthTracker */ = {
			isa = PBXFileSystemSynchronizedRootGroup;
			exceptions = (
				26A2334D2ED6711C000478A6 /* Exceptions for "HealthTracker" folder in "HealthTrackerTests" target */,
			);
			path = HealthTracker;
			sourceTree = "<group>";
		};
		269082442EAC2C3C0080F458 /* HealthTrackerTests */ = {
			isa = PBXFileSystemSynchronizedRootGroup;
			exceptions = (
				26A233502ED6A423000478A6 /* Exceptions for "HealthTrackerTests" folder in "HealthTracker" target */,
			);
			path = HealthTrackerTests;
			sourceTree = "<group>";
		};
		2690824E2EAC2C3C0080F458 /* HealthTrackerUITests */ = {
			isa = PBXFileSystemSynchronizedRootGroup;
			path = HealthTrackerUITests;
			sourceTree = "<group>";
		};
/* End PBXFileSystemSynchronizedRootGroup section */

/* Begin PBXFrameworksBuildPhase section */
		2690822F2EAC2C3B0080F458 /* Frameworks */ = {
			isa = PBXFrameworksBuildPhase;
			buildActionMask = 2147483647;
			files = (
			);
			runOnlyForDeploymentPostprocessing = 0;
		};
		2690823E2EAC2C3C0080F458 /* Frameworks */ = {
			isa = PBXFrameworksBuildPhase;
			buildActionMask = 2147483647;
			files = (
			);
			runOnlyForDeploymentPostprocessing = 0;
		};
		269082482EAC2C3C0080F458 /* Frameworks */ = {
			isa = PBXFrameworksBuildPhase;
			buildActionMask = 2147483647;
			files = (
			);
			runOnlyForDeploymentPostprocessing = 0;
		};
/* End PBXFrameworksBuildPhase section */

/* Begin PBXGroup section */
		269082292EAC2C3B0080F458 = {
			isa = PBXGroup;
			children = (
				269082342EAC2C3B0080F458 /* HealthTracker */,
				269082442EAC2C3C0080F458 /* HealthTrackerTests */,
				2690824E2EAC2C3C0080F458 /* HealthTrackerUITests */,
				269082332EAC2C3B0080F458 /* Products */,
			);
			sourceTree = "<group>";
		};
		269082332EAC2C3B0080F458 /* Products */ = {
			isa = PBXGroup;
			children = (
				269082322EAC2C3B0080F458 /* HealthTracker.app */,
				269082412EAC2C3C0080F458 /* HealthTrackerTests.xctest */,
				2690824B2EAC2C3C0080F458 /* HealthTrackerUITests.xctest */,
			);
			name = Products;
			sourceTree = "<group>";
		};
/* End PBXGroup section */

/* Begin PBXNativeTarget section */
		269082312EAC2C3B0080F458 /* HealthTracker */ = {
			isa = PBXNativeTarget;
			buildConfigurationList = 269082552EAC2C3C0080F458 /* Build configuration list for PBXNativeTarget "HealthTracker" */;
			buildPhases = (
				2690822E2EAC2C3B0080F458 /* Sources */,
				2690822F2EAC2C3B0080F458 /* Frameworks */,
				269082302EAC2C3B0080F458 /* Resources */,
			);
			buildRules = (
			);
			dependencies = (
			);
			fileSystemSynchronizedGroups = (
				269082342EAC2C3B0080F458 /* HealthTracker */,
			);
			name = HealthTracker;
			packageProductDependencies = (
			);
			productName = HealthTracker;
			productReference = 269082322EAC2C3B0080F458 /* HealthTracker.app */;
			productType = "com.apple.product-type.application";
		};
		269082402EAC2C3C0080F458 /* HealthTrackerTests */ = {
			isa = PBXNativeTarget;
			buildConfigurationList = 269082582EAC2C3C0080F458 /* Build configuration list for PBXNativeTarget "HealthTrackerTests" */;
			buildPhases = (
				2690823D2EAC2C3C0080F458 /* Sources */,
				2690823E2EAC2C3C0080F458 /* Frameworks */,
				2690823F2EAC2C3C0080F458 /* Resources */,
			);
			buildRules = (
			);
			dependencies = (
				269082432EAC2C3C0080F458 /* PBXTargetDependency */,
			);
			fileSystemSynchronizedGroups = (
				269082442EAC2C3C0080F458 /* HealthTrackerTests */,
			);
			name = HealthTrackerTests;
			packageProductDependencies = (
			);
			productName = HealthTrackerTests;
			productReference = 269082412EAC2C3C0080F458 /* HealthTrackerTests.xctest */;
			productType = "com.apple.product-type.bundle.unit-test";
		};
		2690824A2EAC2C3C0080F458 /* HealthTrackerUITests */ = {
			isa = PBXNativeTarget;
			buildConfigurationList = 2690825B2EAC2C3C0080F458 /* Build configuration list for PBXNativeTarget "HealthTrackerUITests" */;
			buildPhases = (
				269082472EAC2C3C0080F458 /* Sources */,
				269082482EAC2C3C0080F458 /* Frameworks */,
				269082492EAC2C3C0080F458 /* Resources */,
			);
			buildRules = (
			);
			dependencies = (
				2690824D2EAC2C3C0080F458 /* PBXTargetDependency */,
			);
			fileSystemSynchronizedGroups = (
				2690824E2EAC2C3C0080F458 /* HealthTrackerUITests */,
			);
			name = HealthTrackerUITests;
			packageProductDependencies = (
			);
			productName = HealthTrackerUITests;
			productReference = 2690824B2EAC2C3C0080F458 /* HealthTrackerUITests.xctest */;
			productType = "com.apple.product-type.bundle.ui-testing";
		};
/* End PBXNativeTarget section */

/* Begin PBXProject section */
		2690822A2EAC2C3B0080F458 /* Project object */ = {
			isa = PBXProject;
			attributes = {
				BuildIndependentTargetsInParallel = 1;
				LastSwiftUpdateCheck = 2600;
				LastUpgradeCheck = 2600;
				TargetAttributes = {
					269082312EAC2C3B0080F458 = {
						CreatedOnToolsVersion = 26.0;
					};
					269082402EAC2C3C0080F458 = {
						CreatedOnToolsVersion = 26.0;
						TestTargetID = 269082312EAC2C3B0080F458;
					};
					2690824A2EAC2C3C0080F458 = {
						CreatedOnToolsVersion = 26.0;
						TestTargetID = 269082312EAC2C3B0080F458;
					};
				};
			};
			buildConfigurationList = 2690822D2EAC2C3B0080F458 /* Build configuration list for PBXProject "HealthTracker" */;
			developmentRegion = en;
			hasScannedForEncodings = 0;
			knownRegions = (
				en,
				Base,
			);
			mainGroup = 269082292EAC2C3B0080F458;
			minimizedProjectReferenceProxies = 1;
			preferredProjectObjectVersion = 77;
			productRefGroup = 269082332EAC2C3B0080F458 /* Products */;
			projectDirPath = "";
			projectRoot = "";
			targets = (
				269082312EAC2C3B0080F458 /* HealthTracker */,
				269082402EAC2C3C0080F458 /* HealthTrackerTests */,
				2690824A2EAC2C3C0080F458 /* HealthTrackerUITests */,
			);
		};
/* End PBXProject section */

/* Begin PBXResourcesBuildPhase section */
		269082302EAC2C3B0080F458 /* Resources */ = {
			isa = PBXResourcesBuildPhase;
			buildActionMask = 2147483647;
			files = (
			);
			runOnlyForDeploymentPostprocessing = 0;
		};
		2690823F2EAC2C3C0080F458 /* Resources */ = {
			isa = PBXResourcesBuildPhase;
			buildActionMask = 2147483647;
			files = (
			);
			runOnlyForDeploymentPostprocessing = 0;
		};
		269082492EAC2C3C0080F458 /* Resources */ = {
			isa = PBXResourcesBuildPhase;
			buildActionMask = 2147483647;
			files = (
			);
			runOnlyForDeploymentPostprocessing = 0;
		};
/* End PBXResourcesBuildPhase section */

/* Begin PBXSourcesBuildPhase section */
		2690822E2EAC2C3B0080F458 /* Sources */ = {
			isa = PBXSourcesBuildPhase;
			buildActionMask = 2147483647;
			files = (
			);
			runOnlyForDeploymentPostprocessing = 0;
		};
		2690823D2EAC2C3C0080F458 /* Sources */ = {
			isa = PBXSourcesBuildPhase;
			buildActionMask = 2147483647;
			files = (
			);
			runOnlyForDeploymentPostprocessing = 0;
		};
		269082472EAC2C3C0080F458 /* Sources */ = {
			isa = PBXSourcesBuildPhase;
			buildActionMask = 2147483647;
			files = (
			);
			runOnlyForDeploymentPostprocessing = 0;
		};
/* End PBXSourcesBuildPhase section */

/* Begin PBXTargetDependency section */
		269082432EAC2C3C0080F458 /* PBXTargetDependency */ = {
			isa = PBXTargetDependency;
			target = 269082312EAC2C3B0080F458 /* HealthTracker */;
			targetProxy = 269082422EAC2C3C0080F458 /* PBXContainerItemProxy */;
		};
		2690824D2EAC2C3C0080F458 /* PBXTargetDependency */ = {
			isa = PBXTargetDependency;
			target = 269082312EAC2C3B0080F458 /* HealthTracker */;
			targetProxy = 2690824C2EAC2C3C0080F458 /* PBXContainerItemProxy */;
		};
/* End PBXTargetDependency section */

/* Begin XCBuildConfiguration section */
		269082532EAC2C3C0080F458 /* Debug */ = {
			isa = XCBuildConfiguration;
			buildSettings = {
				ALWAYS_SEARCH_USER_PATHS = NO;
				ASSETCATALOG_COMPILER_GENERATE_SWIFT_ASSET_SYMBOL_EXTENSIONS = YES;
				CLANG_ANALYZER_NONNULL = YES;
				CLANG_ANALYZER_NUMBER_OBJECT_CONVERSION = YES_AGGRESSIVE;
				CLANG_CXX_LANGUAGE_STANDARD = "gnu++20";
				CLANG_ENABLE_MODULES = YES;
				CLANG_ENABLE_OBJC_ARC = YES;
				CLANG_ENABLE_OBJC_WEAK = YES;
				CLANG_WARN_BLOCK_CAPTURE_AUTORELEASING = YES;
				CLANG_WARN_BOOL_CONVERSION = YES;
				CLANG_WARN_COMMA = YES;
				CLANG_WARN_CONSTANT_CONVERSION = YES;
				CLANG_WARN_DEPRECATED_OBJC_IMPLEMENTATIONS = YES;
				CLANG_WARN_DIRECT_OBJC_ISA_USAGE = YES_ERROR;
				CLANG_WARN_DOCUMENTATION_COMMENTS = YES;
				CLANG_WARN_EMPTY_BODY = YES;
				CLANG_WARN_ENUM_CONVERSION = YES;
				CLANG_WARN_INFINITE_RECURSION = YES;
				CLANG_WARN_INT_CONVERSION = YES;
				CLANG_WARN_NON_LITERAL_NULL_CONVERSION = YES;
				CLANG_WARN_OBJC_IMPLICIT_RETAIN_SELF = YES;
				CLANG_WARN_OBJC_LITERAL_CONVERSION = YES;
				CLANG_WARN_OBJC_ROOT_CLASS = YES_ERROR;
				CLANG_WARN_QUOTED_INCLUDE_IN_FRAMEWORK_HEADER = YES;
				CLANG_WARN_RANGE_LOOP_ANALYSIS = YES;
				CLANG_WARN_STRICT_PROTOTYPES = YES;
				CLANG_WARN_SUSPICIOUS_MOVE = YES;
				CLANG_WARN_UNGUARDED_AVAILABILITY = YES_AGGRESSIVE;
				CLANG_WARN_UNREACHABLE_CODE = YES;
				CLANG_WARN__DUPLICATE_METHOD_MATCH = YES;
				COPY_PHASE_STRIP = NO;
				DEBUG_INFORMATION_FORMAT = dwarf;
				DEVELOPMENT_TEAM = 2R48S3Q5D4;
				ENABLE_STRICT_OBJC_MSGSEND = YES;
				ENABLE_TESTABILITY = YES;
				ENABLE_USER_SCRIPT_SANDBOXING = YES;
				GCC_C_LANGUAGE_STANDARD = gnu17;
				GCC_DYNAMIC_NO_PIC = NO;
				GCC_NO_COMMON_BLOCKS = YES;
				GCC_OPTIMIZATION_LEVEL = 0;
				GCC_PREPROCESSOR_DEFINITIONS = (
					"DEBUG=1",
					"$(inherited)",
				);
				GCC_WARN_64_TO_32_BIT_CONVERSION = YES;
				GCC_WARN_ABOUT_RETURN_TYPE = YES_ERROR;
				GCC_WARN_UNDECLARED_SELECTOR = YES;
				GCC_WARN_UNINITIALIZED_AUTOS = YES_AGGRESSIVE;
				GCC_WARN_UNUSED_FUNCTION = YES;
				GCC_WARN_UNUSED_VARIABLE = YES;
				IPHONEOS_DEPLOYMENT_TARGET = 26.0;
				LOCALIZATION_PREFERS_STRING_CATALOGS = YES;
				MTL_ENABLE_DEBUG_INFO = INCLUDE_SOURCE;
				MTL_FAST_MATH = YES;
				ONLY_ACTIVE_ARCH = YES;
				SDKROOT = iphoneos;
				SWIFT_ACTIVE_COMPILATION_CONDITIONS = "DEBUG $(inherited)";
				SWIFT_OPTIMIZATION_LEVEL = "-Onone";
			};
			name = Debug;
		};
		269082542EAC2C3C0080F458 /* Release */ = {
			isa = XCBuildConfiguration;
			buildSettings = {
				ALWAYS_SEARCH_USER_PATHS = NO;
				ASSETCATALOG_COMPILER_GENERATE_SWIFT_ASSET_SYMBOL_EXTENSIONS = YES;
				CLANG_ANALYZER_NONNULL = YES;
				CLANG_ANALYZER_NUMBER_OBJECT_CONVERSION = YES_AGGRESSIVE;
				CLANG_CXX_LANGUAGE_STANDARD = "gnu++20";
				CLANG_ENABLE_MODULES = YES;
				CLANG_ENABLE_OBJC_ARC = YES;
				CLANG_ENABLE_OBJC_WEAK = YES;
				CLANG_WARN_BLOCK_CAPTURE_AUTORELEASING = YES;
				CLANG_WARN_BOOL_CONVERSION = YES;
				CLANG_WARN_COMMA = YES;
				CLANG_WARN_CONSTANT_CONVERSION = YES;
				CLANG_WARN_DEPRECATED_OBJC_IMPLEMENTATIONS = YES;
				CLANG_WARN_DIRECT_OBJC_ISA_USAGE = YES_ERROR;
				CLANG_WARN_DOCUMENTATION_COMMENTS = YES;
				CLANG_WARN_EMPTY_BODY = YES;
				CLANG_WARN_ENUM_CONVERSION = YES;
				CLANG_WARN_INFINITE_RECURSION = YES;
				CLANG_WARN_INT_CONVERSION = YES;
				CLANG_WARN_NON_LITERAL_NULL_CONVERSION = YES;
				CLANG_WARN_OBJC_IMPLICIT_RETAIN_SELF = YES;
				CLANG_WARN_OBJC_LITERAL_CONVERSION = YES;
				CLANG_WARN_OBJC_ROOT_CLASS = YES_ERROR;
				CLANG_WARN_QUOTED_INCLUDE_IN_FRAMEWORK_HEADER = YES;
				CLANG_WARN_RANGE_LOOP_ANALYSIS = YES;
				CLANG_WARN_STRICT_PROTOTYPES = YES;
				CLANG_WARN_SUSPICIOUS_MOVE = YES;
				CLANG_WARN_UNGUARDED_AVAILABILITY = YES_AGGRESSIVE;
				CLANG_WARN_UNREACHABLE_CODE = YES;
				CLANG_WARN__DUPLICATE_METHOD_MATCH = YES;
				COPY_PHASE_STRIP = NO;
				DEBUG_INFORMATION_FORMAT = "dwarf-with-dsym";
				DEVELOPMENT_TEAM = 2R48S3Q5D4;
				ENABLE_NS_ASSERTIONS = NO;
				ENABLE_STRICT_OBJC_MSGSEND = YES;
				ENABLE_USER_SCRIPT_SANDBOXING = YES;
				GCC_C_LANGUAGE_STANDARD = gnu17;
				GCC_NO_COMMON_BLOCKS = YES;
				GCC_WARN_64_TO_32_BIT_CONVERSION = YES;
				GCC_WARN_ABOUT_RETURN_TYPE = YES_ERROR;
				GCC_WARN_UNDECLARED_SELECTOR = YES;
				GCC_WARN_UNINITIALIZED_AUTOS = YES_AGGRESSIVE;
				GCC_WARN_UNUSED_FUNCTION = YES;
				GCC_WARN_UNUSED_VARIABLE = YES;
				IPHONEOS_DEPLOYMENT_TARGET = 26.0;
				LOCALIZATION_PREFERS_STRING_CATALOGS = YES;
				MTL_ENABLE_DEBUG_INFO = NO;
				MTL_FAST_MATH = YES;
				SDKROOT = iphoneos;
				SWIFT_COMPILATION_MODE = wholemodule;
				VALIDATE_PRODUCT = YES;
			};
			name = Release;
		};
		269082562EAC2C3C0080F458 /* Debug */ = {
			isa = XCBuildConfiguration;
			buildSettings = {
				ASSETCATALOG_COMPILER_APPICON_NAME = HealthTracker;
				ASSETCATALOG_COMPILER_GLOBAL_ACCENT_COLOR_NAME = AccentColor;
				CODE_SIGN_ENTITLEMENTS = HealthTracker/HealthTracker.entitlements;
				CODE_SIGN_STYLE = Automatic;
				CURRENT_PROJECT_VERSION = 1;
				DEVELOPMENT_TEAM = 2R48S3Q5D4;
				ENABLE_PREVIEWS = YES;
				GENERATE_INFOPLIST_FILE = YES;
				INFOPLIST_KEY_NSHealthClinicalHealthRecordsShareUsageDescription = "We need access to your health data to analyze your daily activity metrics, sleep information, and fitness progress.";
				INFOPLIST_KEY_NSHealthShareUsageDescription = "We need access to your health data to analyze your daily activity metrics, sleep information, and fitness progress.";
				INFOPLIST_KEY_NSHealthUpdateUsageDescription = "We need access to your health data to analyze your daily activity metrics, sleep information, and fitness progress.";
				INFOPLIST_KEY_UIApplicationSceneManifest_Generation = YES;
				INFOPLIST_KEY_UIApplicationSupportsIndirectInputEvents = YES;
				INFOPLIST_KEY_UILaunchScreen_Generation = YES;
				INFOPLIST_KEY_UISupportedInterfaceOrientations_iPad = "UIInterfaceOrientationPortrait UIInterfaceOrientationPortraitUpsideDown UIInterfaceOrientationLandscapeLeft UIInterfaceOrientationLandscapeRight";
				INFOPLIST_KEY_UISupportedInterfaceOrientations_iPhone = "UIInterfaceOrientationPortrait UIInterfaceOrientationLandscapeLeft UIInterfaceOrientationLandscapeRight";
				IPHONEOS_DEPLOYMENT_TARGET = 18.0;
				LD_RUNPATH_SEARCH_PATHS = (
					"$(inherited)",
					"@executable_path/Frameworks",
				);
				MARKETING_VERSION = 1.0;
				PRODUCT_BUNDLE_IDENTIFIER = aefremenko.HealthTracker;
				PRODUCT_NAME = "$(TARGET_NAME)";
				STRING_CATALOG_GENERATE_SYMBOLS = YES;
				SWIFT_APPROACHABLE_CONCURRENCY = YES;
				SWIFT_DEFAULT_ACTOR_ISOLATION = MainActor;
				SWIFT_EMIT_LOC_STRINGS = YES;
				SWIFT_UPCOMING_FEATURE_MEMBER_IMPORT_VISIBILITY = YES;
				SWIFT_VERSION = 5.0;
				TARGETED_DEVICE_FAMILY = "1,2";
			};
			name = Debug;
		};
		269082572EAC2C3C0080F458 /* Release */ = {
			isa = XCBuildConfiguration;
			buildSettings = {
				ASSETCATALOG_COMPILER_APPICON_NAME = HealthTracker;
				ASSETCATALOG_COMPILER_GLOBAL_ACCENT_COLOR_NAME = AccentColor;
				CODE_SIGN_ENTITLEMENTS = HealthTracker/HealthTracker.entitlements;
				CODE_SIGN_STYLE = Automatic;
				CURRENT_PROJECT_VERSION = 1;
				DEVELOPMENT_TEAM = 2R48S3Q5D4;
				ENABLE_PREVIEWS = YES;
				GENERATE_INFOPLIST_FILE = YES;
				INFOPLIST_KEY_NSHealthClinicalHealthRecordsShareUsageDescription = "We need access to your health data to analyze your daily activity metrics, sleep information, and fitness progress.";
				INFOPLIST_KEY_NSHealthShareUsageDescription = "We need access to your health data to analyze your daily activity metrics, sleep information, and fitness progress.";
				INFOPLIST_KEY_NSHealthUpdateUsageDescription = "We need access to your health data to analyze your daily activity metrics, sleep information, and fitness progress.";
				INFOPLIST_KEY_UIApplicationSceneManifest_Generation = YES;
				INFOPLIST_KEY_UIApplicationSupportsIndirectInputEvents = YES;
				INFOPLIST_KEY_UILaunchScreen_Generation = YES;
				INFOPLIST_KEY_UISupportedInterfaceOrientations_iPad = "UIInterfaceOrientationPortrait UIInterfaceOrientationPortraitUpsideDown UIInterfaceOrientationLandscapeLeft UIInterfaceOrientationLandscapeRight";
				INFOPLIST_KEY_UISupportedInterfaceOrientations_iPhone = "UIInterfaceOrientationPortrait UIInterfaceOrientationLandscapeLeft UIInterfaceOrientationLandscapeRight";
				IPHONEOS_DEPLOYMENT_TARGET = 18.0;
				LD_RUNPATH_SEARCH_PATHS = (
					"$(inherited)",
					"@executable_path/Frameworks",
				);
				MARKETING_VERSION = 1.0;
				PRODUCT_BUNDLE_IDENTIFIER = aefremenko.HealthTracker;
				PRODUCT_NAME = "$(TARGET_NAME)";
				STRING_CATALOG_GENERATE_SYMBOLS = YES;
				SWIFT_APPROACHABLE_CONCURRENCY = YES;
				SWIFT_DEFAULT_ACTOR_ISOLATION = MainActor;
				SWIFT_EMIT_LOC_STRINGS = YES;
				SWIFT_UPCOMING_FEATURE_MEMBER_IMPORT_VISIBILITY = YES;
				SWIFT_VERSION = 5.0;
				TARGETED_DEVICE_FAMILY = "1,2";
			};
			name = Release;
		};
		269082592EAC2C3C0080F458 /* Debug */ = {
			isa = XCBuildConfiguration;
			buildSettings = {
				BUNDLE_LOADER = "$(TEST_HOST)";
				CODE_SIGN_STYLE = Automatic;
				CURRENT_PROJECT_VERSION = 1;
				DEVELOPMENT_TEAM = 2R48S3Q5D4;
				GENERATE_INFOPLIST_FILE = YES;
				IPHONEOS_DEPLOYMENT_TARGET = 26.0;
				MARKETING_VERSION = 1.0;
				PRODUCT_BUNDLE_IDENTIFIER = aefremenko.HealthTrackerTests;
				PRODUCT_NAME = "$(TARGET_NAME)";
				STRING_CATALOG_GENERATE_SYMBOLS = NO;
				SWIFT_APPROACHABLE_CONCURRENCY = YES;
				SWIFT_EMIT_LOC_STRINGS = NO;
				SWIFT_UPCOMING_FEATURE_MEMBER_IMPORT_VISIBILITY = YES;
				SWIFT_VERSION = 5.0;
				TARGETED_DEVICE_FAMILY = "1,2";
				TEST_HOST = "$(BUILT_PRODUCTS_DIR)/HealthTracker.app/$(BUNDLE_EXECUTABLE_FOLDER_PATH)/HealthTracker";
			};
			name = Debug;
		};
		2690825A2EAC2C3C0080F458 /* Release */ = {
			isa = XCBuildConfiguration;
			buildSettings = {
				BUNDLE_LOADER = "$(TEST_HOST)";
				CODE_SIGN_STYLE = Automatic;
				CURRENT_PROJECT_VERSION = 1;
				DEVELOPMENT_TEAM = 2R48S3Q5D4;
				GENERATE_INFOPLIST_FILE = YES;
				IPHONEOS_DEPLOYMENT_TARGET = 26.0;
				MARKETING_VERSION = 1.0;
				PRODUCT_BUNDLE_IDENTIFIER = aefremenko.HealthTrackerTests;
				PRODUCT_NAME = "$(TARGET_NAME)";
				STRING_CATALOG_GENERATE_SYMBOLS = NO;
				SWIFT_APPROACHABLE_CONCURRENCY = YES;
				SWIFT_EMIT_LOC_STRINGS = NO;
				SWIFT_UPCOMING_FEATURE_MEMBER_IMPORT_VISIBILITY = YES;
				SWIFT_VERSION = 5.0;
				TARGETED_DEVICE_FAMILY = "1,2";
				TEST_HOST = "$(BUILT_PRODUCTS_DIR)/HealthTracker.app/$(BUNDLE_EXECUTABLE_FOLDER_PATH)/HealthTracker";
			};
			name = Release;
		};
		2690825C2EAC2C3C0080F458 /* Debug */ = {
			isa = XCBuildConfiguration;
			buildSettings = {
				CODE_SIGN_STYLE = Automatic;
				CURRENT_PROJECT_VERSION = 1;
				DEVELOPMENT_TEAM = 2R48S3Q5D4;
				GENERATE_INFOPLIST_FILE = YES;
				MARKETING_VERSION = 1.0;
				PRODUCT_BUNDLE_IDENTIFIER = aefremenko.HealthTrackerUITests;
				PRODUCT_NAME = "$(TARGET_NAME)";
				STRING_CATALOG_GENERATE_SYMBOLS = NO;
				SWIFT_APPROACHABLE_CONCURRENCY = YES;
				SWIFT_EMIT_LOC_STRINGS = NO;
				SWIFT_UPCOMING_FEATURE_MEMBER_IMPORT_VISIBILITY = YES;
				SWIFT_VERSION = 5.0;
				TARGETED_DEVICE_FAMILY = "1,2";
				TEST_TARGET_NAME = HealthTracker;
			};
			name = Debug;
		};
		2690825D2EAC2C3C0080F458 /* Release */ = {
			isa = XCBuildConfiguration;
			buildSettings = {
				CODE_SIGN_STYLE = Automatic;
				CURRENT_PROJECT_VERSION = 1;
				DEVELOPMENT_TEAM = 2R48S3Q5D4;
				GENERATE_INFOPLIST_FILE = YES;
				MARKETING_VERSION = 1.0;
				PRODUCT_BUNDLE_IDENTIFIER = aefremenko.HealthTrackerUITests;
				PRODUCT_NAME = "$(TARGET_NAME)";
				STRING_CATALOG_GENERATE_SYMBOLS = NO;
				SWIFT_APPROACHABLE_CONCURRENCY = YES;
				SWIFT_EMIT_LOC_STRINGS = NO;
				SWIFT_UPCOMING_FEATURE_MEMBER_IMPORT_VISIBILITY = YES;
				SWIFT_VERSION = 5.0;
				TARGETED_DEVICE_FAMILY = "1,2";
				TEST_TARGET_NAME = HealthTracker;
			};
			name = Release;
		};
/* End XCBuildConfiguration section */

/* Begin XCConfigurationList section */
		2690822D2EAC2C3B0080F458 /* Build configuration list for PBXProject "HealthTracker" */ = {
			isa = XCConfigurationList;
			buildConfigurations = (
				269082532EAC2C3C0080F458 /* Debug */,
				269082542EAC2C3C0080F458 /* Release */,
			);
			defaultConfigurationIsVisible = 0;
			defaultConfigurationName = Release;
		};
		269082552EAC2C3C0080F458 /* Build configuration list for PBXNativeTarget "HealthTracker" */ = {
			isa = XCConfigurationList;
			buildConfigurations = (
				269082562EAC2C3C0080F458 /* Debug */,
				269082572EAC2C3C0080F458 /* Release */,
			);
			defaultConfigurationIsVisible = 0;
			defaultConfigurationName = Release;
		};
		269082582EAC2C3C0080F458 /* Build configuration list for PBXNativeTarget "HealthTrackerTests" */ = {
			isa = XCConfigurationList;
			buildConfigurations = (
				269082592EAC2C3C0080F458 /* Debug */,
				2690825A2EAC2C3C0080F458 /* Release */,
			);
			defaultConfigurationIsVisible = 0;
			defaultConfigurationName = Release;
		};
		2690825B2EAC2C3C0080F458 /* Build configuration list for PBXNativeTarget "HealthTrackerUITests" */ = {
			isa = XCConfigurationList;
			buildConfigurations = (
				2690825C2EAC2C3C0080F458 /* Debug */,
				2690825D2EAC2C3C0080F458 /* Release */,
			);
			defaultConfigurationIsVisible = 0;
			defaultConfigurationName = Release;
		};
/* End XCConfigurationList section */
	};
	rootObject = 2690822A2EAC2C3B0080F458 /* Project object */;
}
